
Microsoft Visual Studio Solution File, Format Version 12.00
# Visual Studio Version 16
VisualStudioVersion = 16.0.32413.511
MinimumVisualStudioVersion = 10.0.40219.1
Project("{9A19103F-16F7-4668-BE54-9A1E7A4F7556}") = "UI.Console", "ConsoleUI\UI.Console.csproj", "{9460FF86-0EE9-40F5-ACD0-E99E488B4C75}"
EndProject
Project("{9A19103F-16F7-4668-BE54-9A1E7A4F7556}") = "PropertyGame", "PropertyGame\PropertyGame.csproj", "{AC3F3932-803F-4C5C-B070-88065B9055FA}"
EndProject
Project("{9A19103F-16F7-4668-BE54-9A1E7A4F7556}") = "Windows App", "Windows App\Windows App.csproj", "{6E22FDEC-6F4E-4EC6-8EDE-49A024FF4BBB}"
EndProject
Global
	GlobalSection(SolutionConfigurationPlatforms) = preSolution
		Debug|Any CPU = Debug|Any CPU
		Release|Any CPU = Release|Any CPU
	EndGlobalSection
	GlobalSection(ProjectConfigurationPlatforms) = postSolution
		{9460FF86-0EE9-40F5-ACD0-E99E488B4C75}.Debug|Any CPU.ActiveCfg = Debug|Any CPU
		{9460FF86-0EE9-40F5-ACD0-E99E488B4C75}.Debug|Any CPU.Build.0 = Debug|Any CPU
		{9460FF86-0EE9-40F5-ACD0-E99E488B4C75}.Release|Any CPU.ActiveCfg = Release|Any CPU
		{9460FF86-0EE9-40F5-ACD0-E99E488B4C75}.Release|Any CPU.Build.0 = Release|Any CPU
		{AC3F3932-803F-4C5C-B070-88065B9055FA}.Debug|Any CPU.ActiveCfg = Debug|Any CPU
		{AC3F3932-803F-4C5C-B070-88065B9055FA}.Debug|Any CPU.Build.0 = Debug|Any CPU
		{AC3F3932-803F-4C5C-B070-88065B9055FA}.Release|Any CPU.ActiveCfg = Release|Any CPU
		{AC3F3932-803F-4C5C-B070-88065B9055FA}.Release|Any CPU.Build.0 = Release|Any CPU
		{6E22FDEC-6F4E-4EC6-8EDE-49A024FF4BBB}.Debug|Any CPU.ActiveCfg = Debug|Any CPU
		{6E22FDEC-6F4E-4EC6-8EDE-49A024FF4BBB}.Debug|Any CPU.Build.0 = Debug|Any CPU
		{6E22FDEC-6F4E-4EC6-8EDE-49A024FF4BBB}.Release|Any CPU.ActiveCfg = Release|Any CPU
		{6E22FDEC-6F4E-4EC6-8EDE-49A024FF4BBB}.Release|Any CPU.Build.0 = Release|Any CPU
	EndGlobalSection
	GlobalSection(SolutionProperties) = preSolution
		HideSolutionNode = FALSE
	EndGlobalSection
	GlobalSection(ExtensibilityGlobals) = postSolution
		SolutionGuid = {4DEEC7D7-B0E0-476E-95A3-73E5C395B227}
	EndGlobalSection
EndGlobal
